
Microsoft Visual Studio Solution File, Format Version 12.00
# Visual Studio Version 17
VisualStudioVersion = 17.8.34316.72
MinimumVisualStudioVersion = 10.0.40219.1
Project("{FAE04EC0-301F-11D3-BF4B-00C04F79EFBC}") = "SqliteManipulations", "SqliteManipulations\SqliteManipulations.csproj", "{48CE2D79-4E59-4CA5-94BD-865F640E6380}"
EndProject
Global
	GlobalSection(SolutionConfigurationPlatforms) = preSolution
		Debug|Any CPU = Debug|Any CPU
		Release|Any CPU = Release|Any CPU
	EndGlobalSection
	GlobalSection(ProjectConfigurationPlatforms) = postSolution
		{48CE2D79-4E59-4CA5-94BD-865F640E6380}.Debug|Any CPU.ActiveCfg = Debug|Any CPU
		{48CE2D79-4E59-4CA5-94BD-865F640E6380}.Debug|Any CPU.Build.0 = Debug|Any CPU
		{48CE2D79-4E59-4CA5-94BD-865F640E6380}.Release|Any CPU.ActiveCfg = Release|Any CPU
		{48CE2D79-4E59-4CA5-94BD-865F640E6380}.Release|Any CPU.Build.0 = Release|Any CPU
	EndGlobalSection
	GlobalSection(SolutionProperties) = preSolution
		HideSolutionNode = FALSE
	EndGlobalSection
	GlobalSection(ExtensibilityGlobals) = postSolution
		SolutionGuid = {D5FA1FEB-CAB3-4B62-9DCE-88D0811890AB}
	EndGlobalSection
EndGlobal
